
Microsoft Visual Studio Solution File, Format Version 12.00
# Visual Studio Version 17
VisualStudioVersion = 17.0.31903.59
MinimumVisualStudioVersion = 10.0.40219.1
Project("{FAE04EC0-301F-11D3-BF4B-00C04F79EFBC}") = "AdventOfCode", "AdventOfCode\AdventOfCode.csproj", "{22DE5934-84A3-4334-BB33-A24E187A9B19}"
EndProject
Project("{FAE04EC0-301F-11D3-BF4B-00C04F79EFBC}") = "AdventOfCode.Tests", "AdventOfCode.Tests\AdventOfCode.Tests.csproj", "{FA1F9FEA-C69A-41AE-8A2D-2354CC392F47}"
EndProject
Project("{FAE04EC0-301F-11D3-BF4B-00C04F79EFBC}") = "Instrumentation", "Instrumentation\Instrumentation.csproj", "{B358DE57-7C80-45B6-9A82-70C98D69C9CA}"
EndProject
Global
	GlobalSection(SolutionConfigurationPlatforms) = preSolution
		Debug|Any CPU = Debug|Any CPU
		Release|Any CPU = Release|Any CPU
	EndGlobalSection
	GlobalSection(SolutionProperties) = preSolution
		HideSolutionNode = FALSE
	EndGlobalSection
	GlobalSection(ProjectConfigurationPlatforms) = postSolution
		{22DE5934-84A3-4334-BB33-A24E187A9B19}.Debug|Any CPU.ActiveCfg = Debug|Any CPU
		{22DE5934-84A3-4334-BB33-A24E187A9B19}.Debug|Any CPU.Build.0 = Debug|Any CPU
		{22DE5934-84A3-4334-BB33-A24E187A9B19}.Release|Any CPU.ActiveCfg = Release|Any CPU
		{22DE5934-84A3-4334-BB33-A24E187A9B19}.Release|Any CPU.Build.0 = Release|Any CPU
		{FA1F9FEA-C69A-41AE-8A2D-2354CC392F47}.Debug|Any CPU.ActiveCfg = Debug|Any CPU
		{FA1F9FEA-C69A-41AE-8A2D-2354CC392F47}.Debug|Any CPU.Build.0 = Debug|Any CPU
		{FA1F9FEA-C69A-41AE-8A2D-2354CC392F47}.Release|Any CPU.ActiveCfg = Release|Any CPU
		{FA1F9FEA-C69A-41AE-8A2D-2354CC392F47}.Release|Any CPU.Build.0 = Release|Any CPU
		{B358DE57-7C80-45B6-9A82-70C98D69C9CA}.Debug|Any CPU.ActiveCfg = Debug|Any CPU
		{B358DE57-7C80-45B6-9A82-70C98D69C9CA}.Debug|Any CPU.Build.0 = Debug|Any CPU
		{B358DE57-7C80-45B6-9A82-70C98D69C9CA}.Release|Any CPU.ActiveCfg = Release|Any CPU
		{B358DE57-7C80-45B6-9A82-70C98D69C9CA}.Release|Any CPU.Build.0 = Release|Any CPU
	EndGlobalSection
EndGlobal
